{
    "_meta": {
        "hash": {
            "sha256": "07cf6d013e4be98ba215f9db82584cf8d2463b2ed677fdbb70a3a64b898808f8"
        },
        "pipfile-spec": 6,
        "requires": {
            "python_version": "3.9"
        },
        "sources": [
            {
                "name": "pypi",
                "url": "https://pypi.org/simple",
                "verify_ssl": true
            }
        ]
    },
    "default": {
        "asgiref": {
            "hashes": [
                "sha256:5ee950735509d04eb673bd7f7120f8fa1c9e2df495394992c73234d526907e17",
                "sha256:7162a3cb30ab0609f1a4c95938fd73e8604f63bdba516a7f7d64b83ff09478f0"
            ],
            "markers": "python_version >= '3.5'",
            "version": "==3.3.1"
        },
        "attrs": {
            "hashes": [
                "sha256:31b2eced602aa8423c2aea9c76a724617ed67cf9513173fd3a4f03e3a929c7e6",
                "sha256:832aa3cde19744e49938b91fea06d69ecb9e649c93ba974535d08ad92164f700"
            ],
            "markers": "python_version >= '2.7' and python_version not in '3.0, 3.1, 3.2, 3.3'",
            "version": "==20.3.0"
        },
        "dj-database-url": {
            "hashes": [
                "sha256:4aeaeb1f573c74835b0686a2b46b85990571159ffc21aa57ecd4d1e1cb334163",
                "sha256:851785365761ebe4994a921b433062309eb882fedd318e1b0fcecc607ed02da9"
            ],
            "version": "==0.5.0"
        },
        "dj-email-url": {
            "hashes": [
                "sha256:15148141c6ef123636e4ca3663e95231ed94ca5ed267e91977e5a4397be8b34c",
                "sha256:838fd4ded9deba53ae757debef431e25fa7fca31d3948b3c4808ccdc84fab2b7"
            ],
            "version": "==1.0.2"
        },
        "django": {
            "hashes": [
                "sha256:169e2e7b4839a7910b393eec127fd7cbae62e80fa55f89c6510426abf673fe5f",
                "sha256:c6c0462b8b361f8691171af1fb87eceb4442da28477e12200c40420176206ba7"
            ],
            "index": "pypi",
            "version": "==3.1.6"
        },
        "django-cache-url": {
            "hashes": [
                "sha256:5514ca3a2075c6b956b3d0a5c540654d32b004e76340d7bdabf6661135b5f218",
                "sha256:c1d45626ae8a206267c1263aa7a3461e2e186be2e939bcbd8c660e25851ddac8"
            ],
            "version": "==3.2.3"
        },
        "djangorestframework": {
            "hashes": [
                "sha256:0209bafcb7b5010fdfec784034f059d512256424de2a0f084cb82b096d6dd6a7",
                "sha256:0898182b4737a7b584a2c73735d89816343369f259fea932d90dc78e35d8ac33"
            ],
            "index": "pypi",
            "version": "==3.12.2"
        },
        "environs": {
            "extras": [
                "django"
            ],
            "hashes": [
                "sha256:2da44b7c30114415aa858577fa6396ee326fc76a0a60f0f15e8260ba554f19dc",
                "sha256:3f6def554abb5455141b540e6e0b72fda3853404f2b0d31658aab1bf95410db3"
            ],
            "index": "pypi",
            "version": "==9.3.1"
        },
        "iniconfig": {
            "hashes": [
                "sha256:011e24c64b7f47f6ebd835bb12a743f2fbe9a26d4cecaa7f53bc4f35ee9da8b3",
                "sha256:bc3af051d7d14b2ee5ef9969666def0cd1a000e121eaea580d4a313df4b37f32"
            ],
            "version": "==1.1.1"
        },
        "marshmallow": {
            "hashes": [
                "sha256:4ab2fdb7f36eb61c3665da67a7ce281c8900db08d72ba6bf0e695828253581f7",
                "sha256:eca81d53aa4aafbc0e20566973d0d2e50ce8bf0ee15165bb799bec0df1e50177"
            ],
            "markers": "python_version >= '3.5'",
            "version": "==3.10.0"
        },
        "packaging": {
            "hashes": [
                "sha256:5b327ac1320dc863dca72f4514ecc086f31186744b84a230374cc1fd776feae5",
                "sha256:67714da7f7bc052e064859c05c595155bd1ee9f69f76557e21f051443c20947a"
            ],
            "markers": "python_version >= '2.7' and python_version not in '3.0, 3.1, 3.2, 3.3'",
            "version": "==20.9"
        },
        "pluggy": {
            "hashes": [
                "sha256:15b2acde666561e1298d71b523007ed7364de07029219b604cf808bfa1c765b0",
                "sha256:966c145cd83c96502c3c3868f50408687b38434af77734af1e9ca461a4081d2d"
            ],
            "markers": "python_version >= '2.7' and python_version not in '3.0, 3.1, 3.2, 3.3'",
            "version": "==0.13.1"
        },
        "py": {
            "hashes": [
                "sha256:21b81bda15b66ef5e1a777a21c4dcd9c20ad3efd0b3f817e7a809035269e1bd3",
                "sha256:3b80836aa6d1feeaa108e046da6423ab8f6ceda6468545ae8d02d9d58d18818a"
            ],
            "markers": "python_version >= '2.7' and python_version not in '3.0, 3.1, 3.2, 3.3'",
            "version": "==1.10.0"
        },
        "pyparsing": {
            "hashes": [
                "sha256:c203ec8783bf771a155b207279b9bccb8dea02d8f0c9e5f8ead507bc3246ecc1",
                "sha256:ef9d7589ef3c200abe66653d3f1ab1033c3c419ae9b9bdb1240a85b024efc88b"
            ],
            "markers": "python_version >= '2.6' and python_version not in '3.0, 3.1, 3.2'",
            "version": "==2.4.7"
        },
        "pytest": {
            "hashes": [
                "sha256:9d1edf9e7d0b84d72ea3dbcdfd22b35fb543a5e8f2a60092dd578936bf63d7f9",
                "sha256:b574b57423e818210672e07ca1fa90aaf194a4f63f3ab909a2c67ebb22913839"
            ],
            "index": "pypi",
            "version": "==6.2.2"
        },
        "python-dotenv": {
            "hashes": [
                "sha256:0c8d1b80d1a1e91717ea7d526178e3882732420b03f08afea0406db6402e220e",
                "sha256:587825ed60b1711daea4832cf37524dfd404325b7db5e25ebe88c495c9f807a0"
            ],
            "version": "==0.15.0"
        },
        "pytz": {
            "hashes": [
                "sha256:83a4a90894bf38e243cf052c8b58f381bfe9a7a483f6a9cab140bc7f702ac4da",
                "sha256:eb10ce3e7736052ed3623d49975ce333bcd712c7bb19a58b9e2089d4057d0798"
            ],
            "version": "==2021.1"
        },
        "sqlparse": {
            "hashes": [
                "sha256:017cde379adbd6a1f15a61873f43e8274179378e95ef3fede90b5aa64d304ed0",
                "sha256:0f91fd2e829c44362cbcfab3e9ae12e22badaa8a29ad5ff599f9ec109f0454e8"
            ],
            "markers": "python_version >= '3.5'",
            "version": "==0.4.1"
        },
        "toml": {
            "hashes": [
                "sha256:806143ae5bfb6a3c6e736a764057db0e6a0e05e338b5630894a5f779cabb4f9b",
                "sha256:b3bda1d108d5dd99f4a20d24d9c348e91c4db7ab1b749200bded2f839ccbe68f"
            ],
            "markers": "python_version >= '2.6' and python_version not in '3.0, 3.1, 3.2'",
            "version": "==0.10.2"
        }
    },
    "develop": {}
}
